{
  "name": "grav-plugin-presentation",
  "version": "1.0.0",
  "lockfileVersion": 1,
  "requires": true,
  "dependencies": {
    "axios": {
      "version": "0.21.1",
      "resolved": "https://registry.npmjs.org/axios/-/axios-0.21.1.tgz",
      "integrity": "sha512-dKQiRHxGD9PPRIUNIWvZhPTPpl1rf/OxTYKsqKUDjBwYylTvV7SjSHJb9ratfyzM6wCdLCOYLzs73qpg5c4iGA==",
      "requires": {
        "follow-redirects": "^1.10.0"
      }
    },
    "codemirror": {
      "version": "5.58.2",
      "resolved": "https://registry.npmjs.org/codemirror/-/codemirror-5.58.2.tgz",
      "integrity": "sha512-K/hOh24cCwRutd1Mk3uLtjWzNISOkm4fvXiMO7LucCrqbh6aJDdtqUziim3MZUI6wOY0rvY1SlL1Ork01uMy6w=="
    },
    "follow-redirects": {
      "version": "1.13.1",
      "resolved": "https://registry.npmjs.org/follow-redirects/-/follow-redirects-1.13.1.tgz",
      "integrity": "sha512-SSG5xmZh1mkPGyKzjZP8zLjltIfpW32Y5QpdNJyjcfGxK3qo3NDDkZOZSFiGn1A6SclQxY9GzEwAHQ3dmYRWpg=="
    },
    "immediate": {
      "version": "3.0.6",
      "resolved": "https://registry.npmjs.org/immediate/-/immediate-3.0.6.tgz",
      "integrity": "sha1-nbHb0Pr43m++D13V5Wu2BigN5ps="
    },
    "include-media": {
      "version": "1.4.9",
      "resolved": "https://registry.npmjs.org/include-media/-/include-media-1.4.9.tgz",
      "integrity": "sha1-0AILe+PrLVSGiiCUNZXOOA4LxDs=",
      "dev": true
    },
    "js-base64": {
      "version": "2.5.1",
      "resolved": "https://registry.npmjs.org/js-base64/-/js-base64-2.5.1.tgz",
      "integrity": "sha512-M7kLczedRMYX4L8Mdh4MzyAMM9O5osx+4FcOQuTvr3A9F2D9S5JXheN0ewNbrvK2UatkTRhL5ejGmGSjNMiZuw=="
    },
    "lie": {
      "version": "3.1.1",
      "resolved": "https://registry.npmjs.org/lie/-/lie-3.1.1.tgz",
      "integrity": "sha1-mkNrLMd0bKWd56QfpGmz77dr2H4=",
      "requires": {
        "immediate": "3.0.6"
      }
    },
    "localforage": {
      "version": "1.7.3",
      "resolved": "https://registry.npmjs.org/localforage/-/localforage-1.7.3.tgz",
      "integrity": "sha512-1TulyYfc4udS7ECSBT2vwJksWbkwwTX8BzeUIiq8Y07Riy7bDAAnxDaPU/tWyOVmQAcWJIEIFP9lPfBGqVoPgQ==",
      "requires": {
        "lie": "3.1.1"
      }
    },
    "modular-scale": {
      "version": "5.1.0",
      "resolved": "https://registry.npmjs.org/modular-scale/-/modular-scale-5.1.0.tgz",
      "integrity": "sha512-jg69U8oktFpjBbtOdd7rWl7bmSIOo4OohJL8TXa4CMh8HaNYDxmq9+k3L2jx95VS1SW/TyoF+eQ/6dPfGguYrQ==",
      "dev": true
    },
    "reveal.js": {
      "version": "3.9.2",
      "resolved": "https://registry.npmjs.org/reveal.js/-/reveal.js-3.9.2.tgz",
      "integrity": "sha512-Dvv2oA9FrtOHE2DWj5js8pMRfwq++Wmvsn1EyAdYLC80lBjTphns+tPsB652Bnvep9AVviuVS/b4XoVY9rXHLA=="
    }
  }
}
